
Microsoft Visual Studio Solution File, Format Version 12.00
# Visual Studio 14
VisualStudioVersion = 14.0.25420.1
MinimumVisualStudioVersion = 10.0.40219.1
Project("{FAE04EC0-301F-11D3-BF4B-00C04F79EFBC}") = "The Main Method دالة الرئيسية للبرنامج", "The Main Method دالة الرئيسية للبرنامج\The Main Method دالة الرئيسية للبرنامج.csproj", "{2F10B9E3-28A9-41F9-A4CF-7BF283B0E192}"
EndProject
Global
	GlobalSection(SolutionConfigurationPlatforms) = preSolution
		Debug|Any CPU = Debug|Any CPU
		Release|Any CPU = Release|Any CPU
	EndGlobalSection
	GlobalSection(ProjectConfigurationPlatforms) = postSolution
		{2F10B9E3-28A9-41F9-A4CF-7BF283B0E192}.Debug|Any CPU.ActiveCfg = Debug|Any CPU
		{2F10B9E3-28A9-41F9-A4CF-7BF283B0E192}.Debug|Any CPU.Build.0 = Debug|Any CPU
		{2F10B9E3-28A9-41F9-A4CF-7BF283B0E192}.Release|Any CPU.ActiveCfg = Release|Any CPU
		{2F10B9E3-28A9-41F9-A4CF-7BF283B0E192}.Release|Any CPU.Build.0 = Release|Any CPU
	EndGlobalSection
	GlobalSection(SolutionProperties) = preSolution
		HideSolutionNode = FALSE
	EndGlobalSection
EndGlobal
