
Microsoft Visual Studio Solution File, Format Version 12.00
# Visual Studio 14
VisualStudioVersion = 14.0.25420.1
MinimumVisualStudioVersion = 10.0.40219.1
Project("{FAE04EC0-301F-11D3-BF4B-00C04F79EFBC}") = "Implicit Conversion Operations عمليات التحويل ضمنياً", "Implicit Conversion Operations عمليات التحويل ضمنياً\Implicit Conversion Operations عمليات التحويل ضمنياً.csproj", "{7261E4AC-358E-4DCA-A914-373E202043F2}"
EndProject
Global
	GlobalSection(SolutionConfigurationPlatforms) = preSolution
		Debug|Any CPU = Debug|Any CPU
		Release|Any CPU = Release|Any CPU
	EndGlobalSection
	GlobalSection(ProjectConfigurationPlatforms) = postSolution
		{7261E4AC-358E-4DCA-A914-373E202043F2}.Debug|Any CPU.ActiveCfg = Debug|Any CPU
		{7261E4AC-358E-4DCA-A914-373E202043F2}.Debug|Any CPU.Build.0 = Debug|Any CPU
		{7261E4AC-358E-4DCA-A914-373E202043F2}.Release|Any CPU.ActiveCfg = Release|Any CPU
		{7261E4AC-358E-4DCA-A914-373E202043F2}.Release|Any CPU.Build.0 = Release|Any CPU
	EndGlobalSection
	GlobalSection(SolutionProperties) = preSolution
		HideSolutionNode = FALSE
	EndGlobalSection
EndGlobal
