
Microsoft Visual Studio Solution File, Format Version 12.00
# Visual Studio 14
VisualStudioVersion = 14.0.25420.1
MinimumVisualStudioVersion = 10.0.40219.1
Project("{FAE04EC0-301F-11D3-BF4B-00C04F79EFBC}") = "Explicit Conversion and Overflow case التحويل الصريح", "Explicit Conversion and Overflow case التحويل الصريح\Explicit Conversion and Overflow case التحويل الصريح.csproj", "{AAC40544-BC93-48DB-884B-ED471AE7B74B}"
EndProject
Global
	GlobalSection(SolutionConfigurationPlatforms) = preSolution
		Debug|Any CPU = Debug|Any CPU
		Release|Any CPU = Release|Any CPU
	EndGlobalSection
	GlobalSection(ProjectConfigurationPlatforms) = postSolution
		{AAC40544-BC93-48DB-884B-ED471AE7B74B}.Debug|Any CPU.ActiveCfg = Debug|Any CPU
		{AAC40544-BC93-48DB-884B-ED471AE7B74B}.Debug|Any CPU.Build.0 = Debug|Any CPU
		{AAC40544-BC93-48DB-884B-ED471AE7B74B}.Release|Any CPU.ActiveCfg = Release|Any CPU
		{AAC40544-BC93-48DB-884B-ED471AE7B74B}.Release|Any CPU.Build.0 = Release|Any CPU
	EndGlobalSection
	GlobalSection(SolutionProperties) = preSolution
		HideSolutionNode = FALSE
	EndGlobalSection
EndGlobal
